{
  "../signature-replay/lib/forge-std": {
    "rev": "620536fa5277db4e3fd46772d5cbc1ea0696fb43"
  },
  "../vault-inflation/lib/forge-std": {
    "rev": "620536fa5277db4e3fd46772d5cbc1ea0696fb43"
  },
  "lib/forge-std": {
    "tag": {
      "name": "v1.10.0",
      "rev": "8bbcf6e3f8f62f419e5429a0bd89331c85c37824"
    }
  }
}